// !$*UTF8*$!
{
	archiveVersion = 1;
	classes = {
	};
	objectVersion = 48;
	objects = {

/* Begin PBXBuildFile section */
		334BAE7F207B110A0029E9E2 /* AppDelegate.swift in Sources */ = {isa = PBXBuildFile; fileRef = 334BAE7E207B110A0029E9E2 /* AppDelegate.swift */; };
		334BAE81207B110A0029E9E2 /* ViewController.swift in Sources */ = {isa = PBXBuildFile; fileRef = 334BAE80207B110A0029E9E2 /* ViewController.swift */; };
		334BAE84207B110A0029E9E2 /* Main.storyboard in Resources */ = {isa = PBXBuildFile; fileRef = 334BAE82207B110A0029E9E2 /* Main.storyboard */; };
		334BAE86207B110A0029E9E2 /* Assets.xcassets in Resources */ = {isa = PBXBuildFile; fileRef = 334BAE85207B110A0029E9E2 /* Assets.xcassets */; };
		334BAE89207B110A0029E9E2 /* LaunchScreen.storyboard in Resources */ = {isa = PBXBuildFile; fileRef = 334BAE87207B110A0029E9E2 /* LaunchScreen.storyboard */; };
		334BAE98207B11AE0029E9E2 /* IntentHandler.swift in Sources */ = {isa = PBXBuildFile; fileRef = 334BAE97207B11AE0029E9E2 /* IntentHandler.swift */; };
		334BAEA1207B11AE0029E9E2 /* IntentsUI.framework in Frameworks */ = {isa = PBXBuildFile; fileRef = 334BAEA0207B11AE0029E9E2 /* IntentsUI.framework */; };
		334BAEA4207B11AE0029E9E2 /* IntentViewController.swift in Sources */ = {isa = PBXBuildFile; fileRef = 334BAEA3207B11AE0029E9E2 /* IntentViewController.swift */; };
		334BAEA7207B11AE0029E9E2 /* MainInterface.storyboard in Resources */ = {isa = PBXBuildFile; fileRef = 334BAEA5207B11AE0029E9E2 /* MainInterface.storyboard */; };
		334BAEAB207B11AE0029E9E2 /* AccountExUI.appex in Embed App Extensions */ = {isa = PBXBuildFile; fileRef = 334BAE9E207B11AE0029E9E2 /* AccountExUI.appex */; settings = {ATTRIBUTES = (RemoveHeadersOnCopy, ); }; };
		334BAEAE207B11AE0029E9E2 /* AccountEx.appex in Embed App Extensions */ = {isa = PBXBuildFile; fileRef = 334BAE95207B11AE0029E9E2 /* AccountEx.appex */; settings = {ATTRIBUTES = (RemoveHeadersOnCopy, ); }; };
		334BAEB7207B123D0029E9E2 /* ATSearchForAccountsIntentHandler.swift in Sources */ = {isa = PBXBuildFile; fileRef = 334BAEB6207B123D0029E9E2 /* ATSearchForAccountsIntentHandler.swift */; };
		334BAEB9207B124A0029E9E2 /* BankAccount.swift in Sources */ = {isa = PBXBuildFile; fileRef = 334BAEB8207B124A0029E9E2 /* BankAccount.swift */; };
		33AACFEE207C942A005D0FC0 /* AppIntentVocabulary.plist in Resources */ = {isa = PBXBuildFile; fileRef = 33AACFEC207C942A005D0FC0 /* AppIntentVocabulary.plist */; };
		33AACFF0207CB5EB005D0FC0 /* AppIntentVocabulary.plist in Resources */ = {isa = PBXBuildFile; fileRef = 33AACFEC207C942A005D0FC0 /* AppIntentVocabulary.plist */; };
/* End PBXBuildFile section */

/* Begin PBXContainerItemProxy section */
		334BAEA9207B11AE0029E9E2 /* PBXContainerItemProxy */ = {
			isa = PBXContainerItemProxy;
			containerPortal = 334BAE73207B110A0029E9E2 /* Project object */;
			proxyType = 1;
			remoteGlobalIDString = 334BAE9D207B11AE0029E9E2;
			remoteInfo = AccountExUI;
		};
		334BAEAC207B11AE0029E9E2 /* PBXContainerItemProxy */ = {
			isa = PBXContainerItemProxy;
			containerPortal = 334BAE73207B110A0029E9E2 /* Project object */;
			proxyType = 1;
			remoteGlobalIDString = 334BAE94207B11AE0029E9E2;
			remoteInfo = AccountEx;
		};
/* End PBXContainerItemProxy section */

/* Begin PBXCopyFilesBuildPhase section */
		334BAEB5207B11AE0029E9E2 /* Embed App Extensions */ = {
			isa = PBXCopyFilesBuildPhase;
			buildActionMask = 2147483647;
			dstPath = "";
			dstSubfolderSpec = 13;
			files = (
				334BAEAB207B11AE0029E9E2 /* AccountExUI.appex in Embed App Extensions */,
				334BAEAE207B11AE0029E9E2 /* AccountEx.appex in Embed App Extensions */,
			);
			name = "Embed App Extensions";
			runOnlyForDeploymentPostprocessing = 0;
		};
/* End PBXCopyFilesBuildPhase section */

/* Begin PBXFileReference section */
		334BAE7B207B110A0029E9E2 /* Accounts T2.app */ = {isa = PBXFileReference; explicitFileType = wrapper.application; includeInIndex = 0; path = "Accounts T2.app"; sourceTree = BUILT_PRODUCTS_DIR; };
		334BAE7E207B110A0029E9E2 /* AppDelegate.swift */ = {isa = PBXFileReference; lastKnownFileType = sourcecode.swift; path = AppDelegate.swift; sourceTree = "<group>"; };
		334BAE80207B110A0029E9E2 /* ViewController.swift */ = {isa = PBXFileReference; lastKnownFileType = sourcecode.swift; path = ViewController.swift; sourceTree = "<group>"; };
		334BAE83207B110A0029E9E2 /* Base */ = {isa = PBXFileReference; lastKnownFileType = file.storyboard; name = Base; path = Base.lproj/Main.storyboard; sourceTree = "<group>"; };
		334BAE85207B110A0029E9E2 /* Assets.xcassets */ = {isa = PBXFileReference; lastKnownFileType = folder.assetcatalog; path = Assets.xcassets; sourceTree = "<group>"; };
		334BAE88207B110A0029E9E2 /* Base */ = {isa = PBXFileReference; lastKnownFileType = file.storyboard; name = Base; path = Base.lproj/LaunchScreen.storyboard; sourceTree = "<group>"; };
		334BAE8A207B110A0029E9E2 /* Info.plist */ = {isa = PBXFileReference; lastKnownFileType = text.plist.xml; path = Info.plist; sourceTree = "<group>"; };
		334BAE90207B111C0029E9E2 /* Accounts T2.entitlements */ = {isa = PBXFileReference; lastKnownFileType = text.plist.entitlements; path = "Accounts T2.entitlements"; sourceTree = "<group>"; };
		334BAE95207B11AE0029E9E2 /* AccountEx.appex */ = {isa = PBXFileReference; explicitFileType = "wrapper.app-extension"; includeInIndex = 0; path = AccountEx.appex; sourceTree = BUILT_PRODUCTS_DIR; };
		334BAE97207B11AE0029E9E2 /* IntentHandler.swift */ = {isa = PBXFileReference; lastKnownFileType = sourcecode.swift; path = IntentHandler.swift; sourceTree = "<group>"; };
		334BAE99207B11AE0029E9E2 /* Info.plist */ = {isa = PBXFileReference; lastKnownFileType = text.plist.xml; path = Info.plist; sourceTree = "<group>"; };
		334BAE9E207B11AE0029E9E2 /* AccountExUI.appex */ = {isa = PBXFileReference; explicitFileType = "wrapper.app-extension"; includeInIndex = 0; path = AccountExUI.appex; sourceTree = BUILT_PRODUCTS_DIR; };
		334BAEA0207B11AE0029E9E2 /* IntentsUI.framework */ = {isa = PBXFileReference; lastKnownFileType = wrapper.framework; name = IntentsUI.framework; path = System/Library/Frameworks/IntentsUI.framework; sourceTree = SDKROOT; };
		334BAEA3207B11AE0029E9E2 /* IntentViewController.swift */ = {isa = PBXFileReference; lastKnownFileType = sourcecode.swift; path = IntentViewController.swift; sourceTree = "<group>"; };
		334BAEA6207B11AE0029E9E2 /* Base */ = {isa = PBXFileReference; lastKnownFileType = file.storyboard; name = Base; path = Base.lproj/MainInterface.storyboard; sourceTree = "<group>"; };
		334BAEA8207B11AE0029E9E2 /* Info.plist */ = {isa = PBXFileReference; lastKnownFileType = text.plist.xml; path = Info.plist; sourceTree = "<group>"; };
		334BAEB6207B123D0029E9E2 /* ATSearchForAccountsIntentHandler.swift */ = {isa = PBXFileReference; lastKnownFileType = sourcecode.swift; path = ATSearchForAccountsIntentHandler.swift; sourceTree = "<group>"; };
		334BAEB8207B124A0029E9E2 /* BankAccount.swift */ = {isa = PBXFileReference; lastKnownFileType = sourcecode.swift; path = BankAccount.swift; sourceTree = "<group>"; };
		33AACFED207C942A005D0FC0 /* Base */ = {isa = PBXFileReference; lastKnownFileType = text.plist.xml; name = Base; path = "Accounts T2/Base.lproj/AppIntentVocabulary.plist"; sourceTree = "<group>"; };
/* End PBXFileReference section */

/* Begin PBXFrameworksBuildPhase section */
		334BAE78207B110A0029E9E2 /* Frameworks */ = {
			isa = PBXFrameworksBuildPhase;
			buildActionMask = 2147483647;
			files = (
			);
			runOnlyForDeploymentPostprocessing = 0;
		};
		334BAE92207B11AE0029E9E2 /* Frameworks */ = {
			isa = PBXFrameworksBuildPhase;
			buildActionMask = 2147483647;
			files = (
			);
			runOnlyForDeploymentPostprocessing = 0;
		};
		334BAE9B207B11AE0029E9E2 /* Frameworks */ = {
			isa = PBXFrameworksBuildPhase;
			buildActionMask = 2147483647;
			files = (
				334BAEA1207B11AE0029E9E2 /* IntentsUI.framework in Frameworks */,
			);
			runOnlyForDeploymentPostprocessing = 0;
		};
/* End PBXFrameworksBuildPhase section */

/* Begin PBXGroup section */
		334BAE72207B110A0029E9E2 = {
			isa = PBXGroup;
			children = (
				33AACFEC207C942A005D0FC0 /* AppIntentVocabulary.plist */,
				334BAE7D207B110A0029E9E2 /* Accounts T2 */,
				334BAE96207B11AE0029E9E2 /* AccountEx */,
				334BAEA2207B11AE0029E9E2 /* AccountExUI */,
				334BAE9F207B11AE0029E9E2 /* Frameworks */,
				334BAE7C207B110A0029E9E2 /* Products */,
			);
			sourceTree = "<group>";
		};
		334BAE7C207B110A0029E9E2 /* Products */ = {
			isa = PBXGroup;
			children = (
				334BAE7B207B110A0029E9E2 /* Accounts T2.app */,
				334BAE95207B11AE0029E9E2 /* AccountEx.appex */,
				334BAE9E207B11AE0029E9E2 /* AccountExUI.appex */,
			);
			name = Products;
			sourceTree = "<group>";
		};
		334BAE7D207B110A0029E9E2 /* Accounts T2 */ = {
			isa = PBXGroup;
			children = (
				334BAE90207B111C0029E9E2 /* Accounts T2.entitlements */,
				334BAE7E207B110A0029E9E2 /* AppDelegate.swift */,
				334BAE80207B110A0029E9E2 /* ViewController.swift */,
				334BAE82207B110A0029E9E2 /* Main.storyboard */,
				334BAE85207B110A0029E9E2 /* Assets.xcassets */,
				334BAE87207B110A0029E9E2 /* LaunchScreen.storyboard */,
				334BAE8A207B110A0029E9E2 /* Info.plist */,
			);
			path = "Accounts T2";
			sourceTree = "<group>";
		};
		334BAE96207B11AE0029E9E2 /* AccountEx */ = {
			isa = PBXGroup;
			children = (
				334BAE97207B11AE0029E9E2 /* IntentHandler.swift */,
				334BAE99207B11AE0029E9E2 /* Info.plist */,
				334BAEB6207B123D0029E9E2 /* ATSearchForAccountsIntentHandler.swift */,
				334BAEB8207B124A0029E9E2 /* BankAccount.swift */,
			);
			path = AccountEx;
			sourceTree = "<group>";
		};
		334BAE9F207B11AE0029E9E2 /* Frameworks */ = {
			isa = PBXGroup;
			children = (
				334BAEA0207B11AE0029E9E2 /* IntentsUI.framework */,
			);
			name = Frameworks;
			sourceTree = "<group>";
		};
		334BAEA2207B11AE0029E9E2 /* AccountExUI */ = {
			isa = PBXGroup;
			children = (
				334BAEA3207B11AE0029E9E2 /* IntentViewController.swift */,
				334BAEA5207B11AE0029E9E2 /* MainInterface.storyboard */,
				334BAEA8207B11AE0029E9E2 /* Info.plist */,
			);
			path = AccountExUI;
			sourceTree = "<group>";
		};
/* End PBXGroup section */

/* Begin PBXNativeTarget section */
		334BAE7A207B110A0029E9E2 /* Accounts T2 */ = {
			isa = PBXNativeTarget;
			buildConfigurationList = 334BAE8D207B110A0029E9E2 /* Build configuration list for PBXNativeTarget "Accounts T2" */;
			buildPhases = (
				334BAE77207B110A0029E9E2 /* Sources */,
				334BAE78207B110A0029E9E2 /* Frameworks */,
				334BAE79207B110A0029E9E2 /* Resources */,
				334BAEB5207B11AE0029E9E2 /* Embed App Extensions */,
			);
			buildRules = (
			);
			dependencies = (
				334BAEAA207B11AE0029E9E2 /* PBXTargetDependency */,
				334BAEAD207B11AE0029E9E2 /* PBXTargetDependency */,
			);
			name = "Accounts T2";
			productName = "Accounts T2";
			productReference = 334BAE7B207B110A0029E9E2 /* Accounts T2.app */;
			productType = "com.apple.product-type.application";
		};
		334BAE94207B11AE0029E9E2 /* AccountEx */ = {
			isa = PBXNativeTarget;
			buildConfigurationList = 334BAEB2207B11AE0029E9E2 /* Build configuration list for PBXNativeTarget "AccountEx" */;
			buildPhases = (
				334BAE91207B11AE0029E9E2 /* Sources */,
				334BAE92207B11AE0029E9E2 /* Frameworks */,
				334BAE93207B11AE0029E9E2 /* Resources */,
			);
			buildRules = (
			);
			dependencies = (
			);
			name = AccountEx;
			productName = AccountEx;
			productReference = 334BAE95207B11AE0029E9E2 /* AccountEx.appex */;
			productType = "com.apple.product-type.app-extension";
		};
		334BAE9D207B11AE0029E9E2 /* AccountExUI */ = {
			isa = PBXNativeTarget;
			buildConfigurationList = 334BAEAF207B11AE0029E9E2 /* Build configuration list for PBXNativeTarget "AccountExUI" */;
			buildPhases = (
				334BAE9A207B11AE0029E9E2 /* Sources */,
				334BAE9B207B11AE0029E9E2 /* Frameworks */,
				334BAE9C207B11AE0029E9E2 /* Resources */,
			);
			buildRules = (
			);
			dependencies = (
			);
			name = AccountExUI;
			productName = AccountExUI;
			productReference = 334BAE9E207B11AE0029E9E2 /* AccountExUI.appex */;
			productType = "com.apple.product-type.app-extension";
		};
/* End PBXNativeTarget section */

/* Begin PBXProject section */
		334BAE73207B110A0029E9E2 /* Project object */ = {
			isa = PBXProject;
			attributes = {
				LastSwiftUpdateCheck = 0920;
				LastUpgradeCheck = 0920;
				ORGANIZATIONNAME = dzhi;
				TargetAttributes = {
					334BAE7A207B110A0029E9E2 = {
						CreatedOnToolsVersion = 9.2;
						ProvisioningStyle = Manual;
						SystemCapabilities = {
							com.apple.Siri = {
								enabled = 1;
							};
						};
					};
					334BAE94207B11AE0029E9E2 = {
						CreatedOnToolsVersion = 9.2;
						ProvisioningStyle = Automatic;
					};
					334BAE9D207B11AE0029E9E2 = {
						CreatedOnToolsVersion = 9.2;
						ProvisioningStyle = Automatic;
					};
				};
			};
			buildConfigurationList = 334BAE76207B110A0029E9E2 /* Build configuration list for PBXProject "Accounts T2" */;
			compatibilityVersion = "Xcode 8.0";
			developmentRegion = en;
			hasScannedForEncodings = 0;
			knownRegions = (
				en,
				Base,
			);
			mainGroup = 334BAE72207B110A0029E9E2;
			productRefGroup = 334BAE7C207B110A0029E9E2 /* Products */;
			projectDirPath = "";
			projectRoot = "";
			targets = (
				334BAE7A207B110A0029E9E2 /* Accounts T2 */,
				334BAE94207B11AE0029E9E2 /* AccountEx */,
				334BAE9D207B11AE0029E9E2 /* AccountExUI */,
			);
		};
/* End PBXProject section */

/* Begin PBXResourcesBuildPhase section */
		334BAE79207B110A0029E9E2 /* Resources */ = {
			isa = PBXResourcesBuildPhase;
			buildActionMask = 2147483647;
			files = (
				334BAE89207B110A0029E9E2 /* LaunchScreen.storyboard in Resources */,
				334BAE86207B110A0029E9E2 /* Assets.xcassets in Resources */,
				33AACFEE207C942A005D0FC0 /* AppIntentVocabulary.plist in Resources */,
				334BAE84207B110A0029E9E2 /* Main.storyboard in Resources */,
			);
			runOnlyForDeploymentPostprocessing = 0;
		};
		334BAE93207B11AE0029E9E2 /* Resources */ = {
			isa = PBXResourcesBuildPhase;
			buildActionMask = 2147483647;
			files = (
				33AACFF0207CB5EB005D0FC0 /* AppIntentVocabulary.plist in Resources */,
			);
			runOnlyForDeploymentPostprocessing = 0;
		};
		334BAE9C207B11AE0029E9E2 /* Resources */ = {
			isa = PBXResourcesBuildPhase;
			buildActionMask = 2147483647;
			files = (
				334BAEA7207B11AE0029E9E2 /* MainInterface.storyboard in Resources */,
			);
			runOnlyForDeploymentPostprocessing = 0;
		};
/* End PBXResourcesBuildPhase section */

/* Begin PBXSourcesBuildPhase section */
		334BAE77207B110A0029E9E2 /* Sources */ = {
			isa = PBXSourcesBuildPhase;
			buildActionMask = 2147483647;
			files = (
				334BAE81207B110A0029E9E2 /* ViewController.swift in Sources */,
				334BAE7F207B110A0029E9E2 /* AppDelegate.swift in Sources */,
			);
			runOnlyForDeploymentPostprocessing = 0;
		};
		334BAE91207B11AE0029E9E2 /* Sources */ = {
			isa = PBXSourcesBuildPhase;
			buildActionMask = 2147483647;
			files = (
				334BAE98207B11AE0029E9E2 /* IntentHandler.swift in Sources */,
				334BAEB9207B124A0029E9E2 /* BankAccount.swift in Sources */,
				334BAEB7207B123D0029E9E2 /* ATSearchForAccountsIntentHandler.swift in Sources */,
			);
			runOnlyForDeploymentPostprocessing = 0;
		};
		334BAE9A207B11AE0029E9E2 /* Sources */ = {
			isa = PBXSourcesBuildPhase;
			buildActionMask = 2147483647;
			files = (
				334BAEA4207B11AE0029E9E2 /* IntentViewController.swift in Sources */,
			);
			runOnlyForDeploymentPostprocessing = 0;
		};
/* End PBXSourcesBuildPhase section */

/* Begin PBXTargetDependency section */
		334BAEAA207B11AE0029E9E2 /* PBXTargetDependency */ = {
			isa = PBXTargetDependency;
			target = 334BAE9D207B11AE0029E9E2 /* AccountExUI */;
			targetProxy = 334BAEA9207B11AE0029E9E2 /* PBXContainerItemProxy */;
		};
		334BAEAD207B11AE0029E9E2 /* PBXTargetDependency */ = {
			isa = PBXTargetDependency;
			target = 334BAE94207B11AE0029E9E2 /* AccountEx */;
			targetProxy = 334BAEAC207B11AE0029E9E2 /* PBXContainerItemProxy */;
		};
/* End PBXTargetDependency section */

/* Begin PBXVariantGroup section */
		334BAE82207B110A0029E9E2 /* Main.storyboard */ = {
			isa = PBXVariantGroup;
			children = (
				334BAE83207B110A0029E9E2 /* Base */,
			);
			name = Main.storyboard;
			sourceTree = "<group>";
		};
		334BAE87207B110A0029E9E2 /* LaunchScreen.storyboard */ = {
			isa = PBXVariantGroup;
			children = (
				334BAE88207B110A0029E9E2 /* Base */,
			);
			name = LaunchScreen.storyboard;
			sourceTree = "<group>";
		};
		334BAEA5207B11AE0029E9E2 /* MainInterface.storyboard */ = {
			isa = PBXVariantGroup;
			children = (
				334BAEA6207B11AE0029E9E2 /* Base */,
			);
			name = MainInterface.storyboard;
			sourceTree = "<group>";
		};
		33AACFEC207C942A005D0FC0 /* AppIntentVocabulary.plist */ = {
			isa = PBXVariantGroup;
			children = (
				33AACFED207C942A005D0FC0 /* Base */,
			);
			name = AppIntentVocabulary.plist;
			sourceTree = "<group>";
		};
/* End PBXVariantGroup section */

/* Begin XCBuildConfiguration section */
		334BAE8B207B110A0029E9E2 /* Debug */ = {
			isa = XCBuildConfiguration;
			buildSettings = {
				ALWAYS_SEARCH_USER_PATHS = NO;
				CLANG_ANALYZER_NONNULL = YES;
				CLANG_ANALYZER_NUMBER_OBJECT_CONVERSION = YES_AGGRESSIVE;
				CLANG_CXX_LANGUAGE_STANDARD = "gnu++14";
				CLANG_CXX_LIBRARY = "libc++";
				CLANG_ENABLE_CODE_COVERAGE = YES;
				CLANG_ENABLE_MODULES = YES;
				CLANG_ENABLE_OBJC_ARC = YES;
				CLANG_WARN_BLOCK_CAPTURE_AUTORELEASING = YES;
				CLANG_WARN_BOOL_CONVERSION = YES;
				CLANG_WARN_COMMA = YES;
				CLANG_WARN_CONSTANT_CONVERSION = YES;
				CLANG_WARN_DIRECT_OBJC_ISA_USAGE = YES_ERROR;
				CLANG_WARN_DOCUMENTATION_COMMENTS = YES;
				CLANG_WARN_EMPTY_BODY = YES;
				CLANG_WARN_ENUM_CONVERSION = YES;
				CLANG_WARN_INFINITE_RECURSION = YES;
				CLANG_WARN_INT_CONVERSION = YES;
				CLANG_WARN_NON_LITERAL_NULL_CONVERSION = YES;
				CLANG_WARN_OBJC_LITERAL_CONVERSION = YES;
				CLANG_WARN_OBJC_ROOT_CLASS = YES_ERROR;
				CLANG_WARN_RANGE_LOOP_ANALYSIS = YES;
				CLANG_WARN_STRICT_PROTOTYPES = YES;
				CLANG_WARN_SUSPICIOUS_MOVE = YES;
				CLANG_WARN_UNGUARDED_AVAILABILITY = YES_AGGRESSIVE;
				CLANG_WARN_UNREACHABLE_CODE = YES;
				CLANG_WARN__DUPLICATE_METHOD_MATCH = YES;
				CODE_SIGN_IDENTITY = "iPhone Developer";
				COPY_PHASE_STRIP = NO;
				DEBUG_INFORMATION_FORMAT = dwarf;
				ENABLE_BITCODE = YES;
				ENABLE_STRICT_OBJC_MSGSEND = YES;
				ENABLE_TESTABILITY = YES;
				GCC_C_LANGUAGE_STANDARD = gnu11;
				GCC_DYNAMIC_NO_PIC = NO;
				GCC_NO_COMMON_BLOCKS = YES;
				GCC_OPTIMIZATION_LEVEL = 0;
				GCC_PREPROCESSOR_DEFINITIONS = (
					"DEBUG=1",
					"$(inherited)",
				);
				GCC_WARN_64_TO_32_BIT_CONVERSION = YES;
				GCC_WARN_ABOUT_RETURN_TYPE = YES_ERROR;
				GCC_WARN_UNDECLARED_SELECTOR = YES;
				GCC_WARN_UNINITIALIZED_AUTOS = YES_AGGRESSIVE;
				GCC_WARN_UNUSED_FUNCTION = YES;
				GCC_WARN_UNUSED_VARIABLE = YES;
				IPHONEOS_DEPLOYMENT_TARGET = 11.2;
				MTL_ENABLE_DEBUG_INFO = YES;
				ONLY_ACTIVE_ARCH = YES;
				SDKROOT = iphoneos;
				SWIFT_ACTIVE_COMPILATION_CONDITIONS = DEBUG;
				SWIFT_OPTIMIZATION_LEVEL = "-Onone";
				VALID_ARCHS = "arm64 armv7 armv7s";
			};
			name = Debug;
		};
		334BAE8C207B110A0029E9E2 /* Release */ = {
			isa = XCBuildConfiguration;
			buildSettings = {
				ALWAYS_SEARCH_USER_PATHS = NO;
				CLANG_ANALYZER_NONNULL = YES;
				CLANG_ANALYZER_NUMBER_OBJECT_CONVERSION = YES_AGGRESSIVE;
				CLANG_CXX_LANGUAGE_STANDARD = "gnu++14";
				CLANG_CXX_LIBRARY = "libc++";
				CLANG_ENABLE_CODE_COVERAGE = YES;
				CLANG_ENABLE_MODULES = YES;
				CLANG_ENABLE_OBJC_ARC = YES;
				CLANG_WARN_BLOCK_CAPTURE_AUTORELEASING = YES;
				CLANG_WARN_BOOL_CONVERSION = YES;
				CLANG_WARN_COMMA = YES;
				CLANG_WARN_CONSTANT_CONVERSION = YES;
				CLANG_WARN_DIRECT_OBJC_ISA_USAGE = YES_ERROR;
				CLANG_WARN_DOCUMENTATION_COMMENTS = YES;
				CLANG_WARN_EMPTY_BODY = YES;
				CLANG_WARN_ENUM_CONVERSION = YES;
				CLANG_WARN_INFINITE_RECURSION = YES;
				CLANG_WARN_INT_CONVERSION = YES;
				CLANG_WARN_NON_LITERAL_NULL_CONVERSION = YES;
				CLANG_WARN_OBJC_LITERAL_CONVERSION = YES;
				CLANG_WARN_OBJC_ROOT_CLASS = YES_ERROR;
				CLANG_WARN_RANGE_LOOP_ANALYSIS = YES;
				CLANG_WARN_STRICT_PROTOTYPES = YES;
				CLANG_WARN_SUSPICIOUS_MOVE = YES;
				CLANG_WARN_UNGUARDED_AVAILABILITY = YES_AGGRESSIVE;
				CLANG_WARN_UNREACHABLE_CODE = YES;
				CLANG_WARN__DUPLICATE_METHOD_MATCH = YES;
				CODE_SIGN_IDENTITY = "iPhone Developer";
				COPY_PHASE_STRIP = NO;
				DEBUG_INFORMATION_FORMAT = "dwarf-with-dsym";
				ENABLE_BITCODE = YES;
				ENABLE_NS_ASSERTIONS = NO;
				ENABLE_STRICT_OBJC_MSGSEND = YES;
				GCC_C_LANGUAGE_STANDARD = gnu11;
				GCC_NO_COMMON_BLOCKS = YES;
				GCC_WARN_64_TO_32_BIT_CONVERSION = YES;
				GCC_WARN_ABOUT_RETURN_TYPE = YES_ERROR;
				GCC_WARN_UNDECLARED_SELECTOR = YES;
				GCC_WARN_UNINITIALIZED_AUTOS = YES_AGGRESSIVE;
				GCC_WARN_UNUSED_FUNCTION = YES;
				GCC_WARN_UNUSED_VARIABLE = YES;
				IPHONEOS_DEPLOYMENT_TARGET = 11.2;
				MTL_ENABLE_DEBUG_INFO = NO;
				SDKROOT = iphoneos;
				SWIFT_OPTIMIZATION_LEVEL = "-Owholemodule";
				VALIDATE_PRODUCT = YES;
				VALID_ARCHS = "arm64 armv7 armv7s";
			};
			name = Release;
		};
		334BAE8E207B110A0029E9E2 /* Debug */ = {
			isa = XCBuildConfiguration;
			buildSettings = {
				ALWAYS_EMBED_SWIFT_STANDARD_LIBRARIES = YES;
				ASSETCATALOG_COMPILER_APPICON_NAME = AppIcon;
				CODE_SIGN_ENTITLEMENTS = "Accounts T2/Accounts T2.entitlements";
				CODE_SIGN_STYLE = Manual;
				DEVELOPMENT_TEAM = R6XJ7CEMCJ;
				ENABLE_BITCODE = YES;
				INFOPLIST_FILE = "Accounts T2/Info.plist";
				LD_RUNPATH_SEARCH_PATHS = "$(inherited) @executable_path/Frameworks";
				PRODUCT_BUNDLE_IDENTIFIER = "com.dzhi.dev.Accounts-T2";
				PRODUCT_NAME = "$(TARGET_NAME)";
				PROVISIONING_PROFILE = "4b89ab8a-b37f-4c99-a2ed-7ff23daa5b20";
				PROVISIONING_PROFILE_SPECIFIER = "DZHI Dev Wildcard";
				SWIFT_VERSION = 4.0;
				TARGETED_DEVICE_FAMILY = "1,2";
				VALID_ARCHS = "arm64 armv7 armv7s";
			};
			name = Debug;
		};
		334BAE8F207B110A0029E9E2 /* Release */ = {
			isa = XCBuildConfiguration;
			buildSettings = {
				ALWAYS_EMBED_SWIFT_STANDARD_LIBRARIES = YES;
				ASSETCATALOG_COMPILER_APPICON_NAME = AppIcon;
				CODE_SIGN_ENTITLEMENTS = "Accounts T2/Accounts T2.entitlements";
				CODE_SIGN_STYLE = Manual;
				DEVELOPMENT_TEAM = R6XJ7CEMCJ;
				ENABLE_BITCODE = YES;
				INFOPLIST_FILE = "Accounts T2/Info.plist";
				LD_RUNPATH_SEARCH_PATHS = "$(inherited) @executable_path/Frameworks";
				PRODUCT_BUNDLE_IDENTIFIER = "com.dzhi.dev.Accounts-T2";
				PRODUCT_NAME = "$(TARGET_NAME)";
				PROVISIONING_PROFILE = "4b89ab8a-b37f-4c99-a2ed-7ff23daa5b20";
				PROVISIONING_PROFILE_SPECIFIER = "DZHI Dev Wildcard";
				SWIFT_VERSION = 4.0;
				TARGETED_DEVICE_FAMILY = "1,2";
				VALID_ARCHS = "arm64 armv7 armv7s";
			};
			name = Release;
		};
		334BAEB0207B11AE0029E9E2 /* Debug */ = {
			isa = XCBuildConfiguration;
			buildSettings = {
				CODE_SIGN_STYLE = Automatic;
				DEVELOPMENT_TEAM = R6XJ7CEMCJ;
				INFOPLIST_FILE = AccountExUI/Info.plist;
				LD_RUNPATH_SEARCH_PATHS = "$(inherited) @executable_path/Frameworks @executable_path/../../Frameworks";
				PRODUCT_BUNDLE_IDENTIFIER = "com.dzhi.dev.Accounts-T2.AccountExUI";
				PRODUCT_NAME = "$(TARGET_NAME)";
				SKIP_INSTALL = YES;
				SWIFT_VERSION = 4.0;
				TARGETED_DEVICE_FAMILY = "1,2";
			};
			name = Debug;
		};
		334BAEB1207B11AE0029E9E2 /* Release */ = {
			isa = XCBuildConfiguration;
			buildSettings = {
				CODE_SIGN_STYLE = Automatic;
				DEVELOPMENT_TEAM = R6XJ7CEMCJ;
				INFOPLIST_FILE = AccountExUI/Info.plist;
				LD_RUNPATH_SEARCH_PATHS = "$(inherited) @executable_path/Frameworks @executable_path/../../Frameworks";
				PRODUCT_BUNDLE_IDENTIFIER = "com.dzhi.dev.Accounts-T2.AccountExUI";
				PRODUCT_NAME = "$(TARGET_NAME)";
				SKIP_INSTALL = YES;
				SWIFT_VERSION = 4.0;
				TARGETED_DEVICE_FAMILY = "1,2";
			};
			name = Release;
		};
		334BAEB3207B11AE0029E9E2 /* Debug */ = {
			isa = XCBuildConfiguration;
			buildSettings = {
				CLANG_ENABLE_CODE_COVERAGE = YES;
				CODE_SIGN_STYLE = Automatic;
				DEVELOPMENT_TEAM = R6XJ7CEMCJ;
				INFOPLIST_FILE = AccountEx/Info.plist;
				LD_RUNPATH_SEARCH_PATHS = "$(inherited) @executable_path/Frameworks @executable_path/../../Frameworks";
				PRODUCT_BUNDLE_IDENTIFIER = "com.dzhi.dev.Accounts-T2.AccountEx";
				PRODUCT_NAME = "$(TARGET_NAME)";
				SKIP_INSTALL = YES;
				SWIFT_VERSION = 4.0;
				TARGETED_DEVICE_FAMILY = "1,2";
			};
			name = Debug;
		};
		334BAEB4207B11AE0029E9E2 /* Release */ = {
			isa = XCBuildConfiguration;
			buildSettings = {
				CLANG_ENABLE_CODE_COVERAGE = YES;
				CODE_SIGN_STYLE = Automatic;
				DEVELOPMENT_TEAM = R6XJ7CEMCJ;
				INFOPLIST_FILE = AccountEx/Info.plist;
				LD_RUNPATH_SEARCH_PATHS = "$(inherited) @executable_path/Frameworks @executable_path/../../Frameworks";
				PRODUCT_BUNDLE_IDENTIFIER = "com.dzhi.dev.Accounts-T2.AccountEx";
				PRODUCT_NAME = "$(TARGET_NAME)";
				SKIP_INSTALL = YES;
				SWIFT_VERSION = 4.0;
				TARGETED_DEVICE_FAMILY = "1,2";
			};
			name = Release;
		};
/* End XCBuildConfiguration section */

/* Begin XCConfigurationList section */
		334BAE76207B110A0029E9E2 /* Build configuration list for PBXProject "Accounts T2" */ = {
			isa = XCConfigurationList;
			buildConfigurations = (
				334BAE8B207B110A0029E9E2 /* Debug */,
				334BAE8C207B110A0029E9E2 /* Release */,
			);
			defaultConfigurationIsVisible = 0;
			defaultConfigurationName = Release;
		};
		334BAE8D207B110A0029E9E2 /* Build configuration list for PBXNativeTarget "Accounts T2" */ = {
			isa = XCConfigurationList;
			buildConfigurations = (
				334BAE8E207B110A0029E9E2 /* Debug */,
				334BAE8F207B110A0029E9E2 /* Release */,
			);
			defaultConfigurationIsVisible = 0;
			defaultConfigurationName = Release;
		};
		334BAEAF207B11AE0029E9E2 /* Build configuration list for PBXNativeTarget "AccountExUI" */ = {
			isa = XCConfigurationList;
			buildConfigurations = (
				334BAEB0207B11AE0029E9E2 /* Debug */,
				334BAEB1207B11AE0029E9E2 /* Release */,
			);
			defaultConfigurationIsVisible = 0;
			defaultConfigurationName = Release;
		};
		334BAEB2207B11AE0029E9E2 /* Build configuration list for PBXNativeTarget "AccountEx" */ = {
			isa = XCConfigurationList;
			buildConfigurations = (
				334BAEB3207B11AE0029E9E2 /* Debug */,
				334BAEB4207B11AE0029E9E2 /* Release */,
			);
			defaultConfigurationIsVisible = 0;
			defaultConfigurationName = Release;
		};
/* End XCConfigurationList section */
	};
	rootObject = 334BAE73207B110A0029E9E2 /* Project object */;
}
